<?xml version="1.0" encoding="utf-8"?>
<Project ToolsVersion="4.0" xmlns="http://schemas.microsoft.com/developer/msbuild/2003">
  <ItemGroup>
    <Filter Include="Generated Files">
      <UniqueIdentifier>{71ED8ED8-ACB9-4CE9-BBE1-E00B30144E11}</UniqueIdentifier>
      <Extensions>moc;h;cpp</Extensions>
      <SourceControlFiles>False</SourceControlFiles>
    </Filter>
    <Filter Include="Generated Files\Debug">
      <UniqueIdentifier>{56394526-b7d9-42c7-bd66-c5ab5c3f3649}</UniqueIdentifier>
      <Extensions>cpp;moc</Extensions>
      <SourceControlFiles>False</SourceControlFiles>
    </Filter>
    <Filter Include="Generated Files\Release">
      <UniqueIdentifier>{539527b9-a4bf-4d7b-a821-03f7e66d6d3c}</UniqueIdentifier>
      <Extensions>cpp;moc</Extensions>
      <SourceControlFiles>False</SourceControlFiles>
    </Filter>
    <Filter Include="resources">
      <UniqueIdentifier>{D9D6E242-F8AF-46E4-B9FD-80ECBC20BA3E}</UniqueIdentifier>
      <Extensions>qrc;*</Extensions>
      <ParseFiles>false</ParseFiles>
    </Filter>
    <Filter Include="src">
      <UniqueIdentifier>{4FC737F1-C7A5-4376-A066-2A32D752A2FF}</UniqueIdentifier>
      <Extensions>cpp;cxx;c;def</Extensions>
    </Filter>
    <Filter Include="src\ui">
      <UniqueIdentifier>{4d5dcfbe-ca51-49a8-86ec-60cfd35f4f9e}</UniqueIdentifier>
    </Filter>
    <Filter Include="src\main">
      <UniqueIdentifier>{c77128c8-a338-4f27-afc0-ff6a4d350d28}</UniqueIdentifier>
    </Filter>
    <Filter Include="src\ui\forms">
      <UniqueIdentifier>{76df1b2c-7e95-454c-b2a8-75224260245f}</UniqueIdentifier>
    </Filter>
    <Filter Include="src\ui\mainwindow">
      <UniqueIdentifier>{ec0c48ef-501b-44ce-9e8b-75aa9e9821d1}</UniqueIdentifier>
    </Filter>
    <Filter Include="src\ui\widget">
      <UniqueIdentifier>{14ec7eb7-a7ee-4e0c-b9bd-e7395faee8bc}</UniqueIdentifier>
    </Filter>
  </ItemGroup>
  <ItemGroup>
    <ClCompile Include="src\ui\mainwindow\MainWindow.cpp">
      <Filter>src\ui\mainwindow</Filter>
    </ClCompile>
    <ClCompile Include="src\main\main.cpp">
      <Filter>src\main</Filter>
    </ClCompile>
    <ClCompile Include="src\ui\widget\ZoomImageWidget.cpp">
      <Filter>src\ui\widget</Filter>
    </ClCompile>
    <ClCompile Include="src\ui\widget\RoiImageWidget.cpp">
      <Filter>src\ui\widget</Filter>
    </ClCompile>
  </ItemGroup>
  <ItemGroup>
    <QtUic Include="src\ui\forms\qtimagedisplay.ui">
      <Filter>src\ui\forms</Filter>
    </QtUic>
  </ItemGroup>
  <ItemGroup>
    <QtRcc Include="resources\qtimagedisplay.qrc">
      <Filter>resources</Filter>
    </QtRcc>
  </ItemGroup>
  <ItemGroup>
    <QtMoc Include="src\ui\mainwindow\MainWindow.h">
      <Filter>src\ui\mainwindow</Filter>
    </QtMoc>
    <QtMoc Include="src\ui\widget\ZoomImageWidget.h">
      <Filter>src\ui\widget</Filter>
    </QtMoc>
    <QtMoc Include="src\ui\widget\RoiImageWidget.h">
      <Filter>src\ui\widget</Filter>
    </QtMoc>
  </ItemGroup>
</Project>